// !$*UTF8*$!
{
	archiveVersion = 1;
	classes = {
	};
	objectVersion = 46;
	objects = {

/* Begin PBXBuildFile section */
		FC391D561C740715001283F8 /* main.m in Sources */ = {isa = PBXBuildFile; fileRef = FC391D551C740715001283F8 /* main.m */; };
		FC391D591C740715001283F8 /* AppDelegate.m in Sources */ = {isa = PBXBuildFile; fileRef = FC391D581C740715001283F8 /* AppDelegate.m */; };
		FC391D5C1C740715001283F8 /* ViewController.m in Sources */ = {isa = PBXBuildFile; fileRef = FC391D5B1C740715001283F8 /* ViewController.m */; };
		FC391D5F1C740715001283F8 /* Main.storyboard in Resources */ = {isa = PBXBuildFile; fileRef = FC391D5D1C740715001283F8 /* Main.storyboard */; };
		FC391D611C740715001283F8 /* Assets.xcassets in Resources */ = {isa = PBXBuildFile; fileRef = FC391D601C740715001283F8 /* Assets.xcassets */; };
		FC391D641C740715001283F8 /* LaunchScreen.storyboard in Resources */ = {isa = PBXBuildFile; fileRef = FC391D621C740715001283F8 /* LaunchScreen.storyboard */; };
		FC391D6E1C740B72001283F8 /* ShapeLayerViewController.m in Sources */ = {isa = PBXBuildFile; fileRef = FC391D6D1C740B72001283F8 /* ShapeLayerViewController.m */; };
		FCC2D3FC1C74481B00665ED2 /* ViewAnimationViewController.m in Sources */ = {isa = PBXBuildFile; fileRef = FCC2D3FB1C74481B00665ED2 /* ViewAnimationViewController.m */; };
		FCC2D4001C744BBF00665ED2 /* aaa.jpg in Resources */ = {isa = PBXBuildFile; fileRef = FCC2D3FE1C744BBF00665ED2 /* aaa.jpg */; };
		FCC2D4011C744BBF00665ED2 /* bbb.jpg in Resources */ = {isa = PBXBuildFile; fileRef = FCC2D3FF1C744BBF00665ED2 /* bbb.jpg */; };
/* End PBXBuildFile section */

/* Begin PBXFileReference section */
		FC391D511C740715001283F8 /* ZHAnimationDemo.app */ = {isa = PBXFileReference; explicitFileType = wrapper.application; includeInIndex = 0; path = ZHAnimationDemo.app; sourceTree = BUILT_PRODUCTS_DIR; };
		FC391D551C740715001283F8 /* main.m */ = {isa = PBXFileReference; lastKnownFileType = sourcecode.c.objc; path = main.m; sourceTree = "<group>"; };
		FC391D571C740715001283F8 /* AppDelegate.h */ = {isa = PBXFileReference; lastKnownFileType = sourcecode.c.h; path = AppDelegate.h; sourceTree = "<group>"; };
		FC391D581C740715001283F8 /* AppDelegate.m */ = {isa = PBXFileReference; lastKnownFileType = sourcecode.c.objc; path = AppDelegate.m; sourceTree = "<group>"; };
		FC391D5A1C740715001283F8 /* ViewController.h */ = {isa = PBXFileReference; lastKnownFileType = sourcecode.c.h; path = ViewController.h; sourceTree = "<group>"; };
		FC391D5B1C740715001283F8 /* ViewController.m */ = {isa = PBXFileReference; lastKnownFileType = sourcecode.c.objc; path = ViewController.m; sourceTree = "<group>"; };
		FC391D5E1C740715001283F8 /* Base */ = {isa = PBXFileReference; lastKnownFileType = file.storyboard; name = Base; path = Base.lproj/Main.storyboard; sourceTree = "<group>"; };
		FC391D601C740715001283F8 /* Assets.xcassets */ = {isa = PBXFileReference; lastKnownFileType = folder.assetcatalog; path = Assets.xcassets; sourceTree = "<group>"; };
		FC391D631C740715001283F8 /* Base */ = {isa = PBXFileReference; lastKnownFileType = file.storyboard; name = Base; path = Base.lproj/LaunchScreen.storyboard; sourceTree = "<group>"; };
		FC391D651C740715001283F8 /* Info.plist */ = {isa = PBXFileReference; lastKnownFileType = text.plist.xml; path = Info.plist; sourceTree = "<group>"; };
		FC391D6C1C740B72001283F8 /* ShapeLayerViewController.h */ = {isa = PBXFileReference; fileEncoding = 4; lastKnownFileType = sourcecode.c.h; path = ShapeLayerViewController.h; sourceTree = "<group>"; };
		FC391D6D1C740B72001283F8 /* ShapeLayerViewController.m */ = {isa = PBXFileReference; fileEncoding = 4; lastKnownFileType = sourcecode.c.objc; path = ShapeLayerViewController.m; sourceTree = "<group>"; };
		FCC2D3FA1C74481B00665ED2 /* ViewAnimationViewController.h */ = {isa = PBXFileReference; fileEncoding = 4; lastKnownFileType = sourcecode.c.h; path = ViewAnimationViewController.h; sourceTree = "<group>"; };
		FCC2D3FB1C74481B00665ED2 /* ViewAnimationViewController.m */ = {isa = PBXFileReference; fileEncoding = 4; lastKnownFileType = sourcecode.c.objc; path = ViewAnimationViewController.m; sourceTree = "<group>"; };
		FCC2D3FE1C744BBF00665ED2 /* aaa.jpg */ = {isa = PBXFileReference; lastKnownFileType = image.jpeg; path = aaa.jpg; sourceTree = "<group>"; };
		FCC2D3FF1C744BBF00665ED2 /* bbb.jpg */ = {isa = PBXFileReference; lastKnownFileType = image.jpeg; path = bbb.jpg; sourceTree = "<group>"; };
/* End PBXFileReference section */

/* Begin PBXFrameworksBuildPhase section */
		FC391D4E1C740715001283F8 /* Frameworks */ = {
			isa = PBXFrameworksBuildPhase;
			buildActionMask = 2147483647;
			files = (
			);
			runOnlyForDeploymentPostprocessing = 0;
		};
/* End PBXFrameworksBuildPhase section */

/* Begin PBXGroup section */
		FC391D481C740715001283F8 = {
			isa = PBXGroup;
			children = (
				FC391D531C740715001283F8 /* ZHAnimationDemo */,
				FC391D521C740715001283F8 /* Products */,
			);
			sourceTree = "<group>";
		};
		FC391D521C740715001283F8 /* Products */ = {
			isa = PBXGroup;
			children = (
				FC391D511C740715001283F8 /* ZHAnimationDemo.app */,
			);
			name = Products;
			sourceTree = "<group>";
		};
		FC391D531C740715001283F8 /* ZHAnimationDemo */ = {
			isa = PBXGroup;
			children = (
				FCC2D3FD1C744BA000665ED2 /* Resources */,
				FC391D6B1C740B19001283F8 /* DetailViewController */,
				FC391D571C740715001283F8 /* AppDelegate.h */,
				FC391D581C740715001283F8 /* AppDelegate.m */,
				FC391D5A1C740715001283F8 /* ViewController.h */,
				FC391D5B1C740715001283F8 /* ViewController.m */,
				FC391D5D1C740715001283F8 /* Main.storyboard */,
				FC391D601C740715001283F8 /* Assets.xcassets */,
				FC391D621C740715001283F8 /* LaunchScreen.storyboard */,
				FC391D651C740715001283F8 /* Info.plist */,
				FC391D541C740715001283F8 /* Supporting Files */,
			);
			path = ZHAnimationDemo;
			sourceTree = "<group>";
		};
		FC391D541C740715001283F8 /* Supporting Files */ = {
			isa = PBXGroup;
			children = (
				FC391D551C740715001283F8 /* main.m */,
			);
			name = "Supporting Files";
			sourceTree = "<group>";
		};
		FC391D6B1C740B19001283F8 /* DetailViewController */ = {
			isa = PBXGroup;
			children = (
				FC391D6C1C740B72001283F8 /* ShapeLayerViewController.h */,
				FC391D6D1C740B72001283F8 /* ShapeLayerViewController.m */,
				FCC2D3FA1C74481B00665ED2 /* ViewAnimationViewController.h */,
				FCC2D3FB1C74481B00665ED2 /* ViewAnimationViewController.m */,
			);
			name = DetailViewController;
			sourceTree = "<group>";
		};
		FCC2D3FD1C744BA000665ED2 /* Resources */ = {
			isa = PBXGroup;
			children = (
				FCC2D3FE1C744BBF00665ED2 /* aaa.jpg */,
				FCC2D3FF1C744BBF00665ED2 /* bbb.jpg */,
			);
			name = Resources;
			sourceTree = "<group>";
		};
/* End PBXGroup section */

/* Begin PBXNativeTarget section */
		FC391D501C740715001283F8 /* ZHAnimationDemo */ = {
			isa = PBXNativeTarget;
			buildConfigurationList = FC391D681C740715001283F8 /* Build configuration list for PBXNativeTarget "ZHAnimationDemo" */;
			buildPhases = (
				FC391D4D1C740715001283F8 /* Sources */,
				FC391D4E1C740715001283F8 /* Frameworks */,
				FC391D4F1C740715001283F8 /* Resources */,
			);
			buildRules = (
			);
			dependencies = (
			);
			name = ZHAnimationDemo;
			productName = ZHAnimationDemo;
			productReference = FC391D511C740715001283F8 /* ZHAnimationDemo.app */;
			productType = "com.apple.product-type.application";
		};
/* End PBXNativeTarget section */

/* Begin PBXProject section */
		FC391D491C740715001283F8 /* Project object */ = {
			isa = PBXProject;
			attributes = {
				LastUpgradeCheck = 0720;
				ORGANIZATIONNAME = wuzhihe;
				TargetAttributes = {
					FC391D501C740715001283F8 = {
						CreatedOnToolsVersion = 7.2;
					};
				};
			};
			buildConfigurationList = FC391D4C1C740715001283F8 /* Build configuration list for PBXProject "ZHAnimationDemo" */;
			compatibilityVersion = "Xcode 3.2";
			developmentRegion = English;
			hasScannedForEncodings = 0;
			knownRegions = (
				en,
				Base,
			);
			mainGroup = FC391D481C740715001283F8;
			productRefGroup = FC391D521C740715001283F8 /* Products */;
			projectDirPath = "";
			projectRoot = "";
			targets = (
				FC391D501C740715001283F8 /* ZHAnimationDemo */,
			);
		};
/* End PBXProject section */

/* Begin PBXResourcesBuildPhase section */
		FC391D4F1C740715001283F8 /* Resources */ = {
			isa = PBXResourcesBuildPhase;
			buildActionMask = 2147483647;
			files = (
				FCC2D4011C744BBF00665ED2 /* bbb.jpg in Resources */,
				FC391D641C740715001283F8 /* LaunchScreen.storyboard in Resources */,
				FCC2D4001C744BBF00665ED2 /* aaa.jpg in Resources */,
				FC391D611C740715001283F8 /* Assets.xcassets in Resources */,
				FC391D5F1C740715001283F8 /* Main.storyboard in Resources */,
			);
			runOnlyForDeploymentPostprocessing = 0;
		};
/* End PBXResourcesBuildPhase section */

/* Begin PBXSourcesBuildPhase section */
		FC391D4D1C740715001283F8 /* Sources */ = {
			isa = PBXSourcesBuildPhase;
			buildActionMask = 2147483647;
			files = (
				FC391D5C1C740715001283F8 /* ViewController.m in Sources */,
				FC391D591C740715001283F8 /* AppDelegate.m in Sources */,
				FC391D6E1C740B72001283F8 /* ShapeLayerViewController.m in Sources */,
				FCC2D3FC1C74481B00665ED2 /* ViewAnimationViewController.m in Sources */,
				FC391D561C740715001283F8 /* main.m in Sources */,
			);
			runOnlyForDeploymentPostprocessing = 0;
		};
/* End PBXSourcesBuildPhase section */

/* Begin PBXVariantGroup section */
		FC391D5D1C740715001283F8 /* Main.storyboard */ = {
			isa = PBXVariantGroup;
			children = (
				FC391D5E1C740715001283F8 /* Base */,
			);
			name = Main.storyboard;
			sourceTree = "<group>";
		};
		FC391D621C740715001283F8 /* LaunchScreen.storyboard */ = {
			isa = PBXVariantGroup;
			children = (
				FC391D631C740715001283F8 /* Base */,
			);
			name = LaunchScreen.storyboard;
			sourceTree = "<group>";
		};
/* End PBXVariantGroup section */

/* Begin XCBuildConfiguration section */
		FC391D661C740715001283F8 /* Debug */ = {
			isa = XCBuildConfiguration;
			buildSettings = {
				ALWAYS_SEARCH_USER_PATHS = NO;
				CLANG_CXX_LANGUAGE_STANDARD = "gnu++0x";
				CLANG_CXX_LIBRARY = "libc++";
				CLANG_ENABLE_MODULES = YES;
				CLANG_ENABLE_OBJC_ARC = YES;
				CLANG_WARN_BOOL_CONVERSION = YES;
				CLANG_WARN_CONSTANT_CONVERSION = YES;
				CLANG_WARN_DIRECT_OBJC_ISA_USAGE = YES_ERROR;
				CLANG_WARN_EMPTY_BODY = YES;
				CLANG_WARN_ENUM_CONVERSION = YES;
				CLANG_WARN_INT_CONVERSION = YES;
				CLANG_WARN_OBJC_ROOT_CLASS = YES_ERROR;
				CLANG_WARN_UNREACHABLE_CODE = YES;
				CLANG_WARN__DUPLICATE_METHOD_MATCH = YES;
				"CODE_SIGN_IDENTITY[sdk=iphoneos*]" = "iPhone Developer";
				COPY_PHASE_STRIP = NO;
				DEBUG_INFORMATION_FORMAT = dwarf;
				ENABLE_STRICT_OBJC_MSGSEND = YES;
				ENABLE_TESTABILITY = YES;
				GCC_C_LANGUAGE_STANDARD = gnu99;
				GCC_DYNAMIC_NO_PIC = NO;
				GCC_NO_COMMON_BLOCKS = YES;
				GCC_OPTIMIZATION_LEVEL = 0;
				GCC_PREPROCESSOR_DEFINITIONS = (
					"DEBUG=1",
					"$(inherited)",
				);
				GCC_WARN_64_TO_32_BIT_CONVERSION = YES;
				GCC_WARN_ABOUT_RETURN_TYPE = YES_ERROR;
				GCC_WARN_UNDECLARED_SELECTOR = YES;
				GCC_WARN_UNINITIALIZED_AUTOS = YES_AGGRESSIVE;
				GCC_WARN_UNUSED_FUNCTION = YES;
				GCC_WARN_UNUSED_VARIABLE = YES;
				IPHONEOS_DEPLOYMENT_TARGET = 9.2;
				MTL_ENABLE_DEBUG_INFO = YES;
				ONLY_ACTIVE_ARCH = YES;
				SDKROOT = iphoneos;
			};
			name = Debug;
		};
		FC391D671C740715001283F8 /* Release */ = {
			isa = XCBuildConfiguration;
			buildSettings = {
				ALWAYS_SEARCH_USER_PATHS = NO;
				CLANG_CXX_LANGUAGE_STANDARD = "gnu++0x";
				CLANG_CXX_LIBRARY = "libc++";
				CLANG_ENABLE_MODULES = YES;
				CLANG_ENABLE_OBJC_ARC = YES;
				CLANG_WARN_BOOL_CONVERSION = YES;
				CLANG_WARN_CONSTANT_CONVERSION = YES;
				CLANG_WARN_DIRECT_OBJC_ISA_USAGE = YES_ERROR;
				CLANG_WARN_EMPTY_BODY = YES;
				CLANG_WARN_ENUM_CONVERSION = YES;
				CLANG_WARN_INT_CONVERSION = YES;
				CLANG_WARN_OBJC_ROOT_CLASS = YES_ERROR;
				CLANG_WARN_UNREACHABLE_CODE = YES;
				CLANG_WARN__DUPLICATE_METHOD_MATCH = YES;
				"CODE_SIGN_IDENTITY[sdk=iphoneos*]" = "iPhone Developer";
				COPY_PHASE_STRIP = NO;
				DEBUG_INFORMATION_FORMAT = "dwarf-with-dsym";
				ENABLE_NS_ASSERTIONS = NO;
				ENABLE_STRICT_OBJC_MSGSEND = YES;
				GCC_C_LANGUAGE_STANDARD = gnu99;
				GCC_NO_COMMON_BLOCKS = YES;
				GCC_WARN_64_TO_32_BIT_CONVERSION = YES;
				GCC_WARN_ABOUT_RETURN_TYPE = YES_ERROR;
				GCC_WARN_UNDECLARED_SELECTOR = YES;
				GCC_WARN_UNINITIALIZED_AUTOS = YES_AGGRESSIVE;
				GCC_WARN_UNUSED_FUNCTION = YES;
				GCC_WARN_UNUSED_VARIABLE = YES;
				IPHONEOS_DEPLOYMENT_TARGET = 9.2;
				MTL_ENABLE_DEBUG_INFO = NO;
				SDKROOT = iphoneos;
				VALIDATE_PRODUCT = YES;
			};
			name = Release;
		};
		FC391D691C740715001283F8 /* Debug */ = {
			isa = XCBuildConfiguration;
			buildSettings = {
				ASSETCATALOG_COMPILER_APPICON_NAME = AppIcon;
				INFOPLIST_FILE = ZHAnimationDemo/Info.plist;
				IPHONEOS_DEPLOYMENT_TARGET = 7.0;
				LD_RUNPATH_SEARCH_PATHS = "$(inherited) @executable_path/Frameworks";
				PRODUCT_BUNDLE_IDENTIFIER = www.ZHAnimationDemo;
				PRODUCT_NAME = "$(TARGET_NAME)";
			};
			name = Debug;
		};
		FC391D6A1C740715001283F8 /* Release */ = {
			isa = XCBuildConfiguration;
			buildSettings = {
				ASSETCATALOG_COMPILER_APPICON_NAME = AppIcon;
				INFOPLIST_FILE = ZHAnimationDemo/Info.plist;
				IPHONEOS_DEPLOYMENT_TARGET = 7.0;
				LD_RUNPATH_SEARCH_PATHS = "$(inherited) @executable_path/Frameworks";
				PRODUCT_BUNDLE_IDENTIFIER = www.ZHAnimationDemo;
				PRODUCT_NAME = "$(TARGET_NAME)";
			};
			name = Release;
		};
/* End XCBuildConfiguration section */

/* Begin XCConfigurationList section */
		FC391D4C1C740715001283F8 /* Build configuration list for PBXProject "ZHAnimationDemo" */ = {
			isa = XCConfigurationList;
			buildConfigurations = (
				FC391D661C740715001283F8 /* Debug */,
				FC391D671C740715001283F8 /* Release */,
			);
			defaultConfigurationIsVisible = 0;
			defaultConfigurationName = Release;
		};
		FC391D681C740715001283F8 /* Build configuration list for PBXNativeTarget "ZHAnimationDemo" */ = {
			isa = XCConfigurationList;
			buildConfigurations = (
				FC391D691C740715001283F8 /* Debug */,
				FC391D6A1C740715001283F8 /* Release */,
			);
			defaultConfigurationIsVisible = 0;
			defaultConfigurationName = Release;
		};
/* End XCConfigurationList section */
	};
	rootObject = FC391D491C740715001283F8 /* Project object */;
}
